// !$*UTF8*$!
{
	archiveVersion = 1;
	classes = {
	};
	objectVersion = 54;
	objects = {

/* Begin PBXBuildFile section */
		83021FF2272E8FB9002BD2DB /* DidSelectCellProtocol.swift in Sources */ = {isa = PBXBuildFile; fileRef = 83021FF1272E8FB8002BD2DB /* DidSelectCellProtocol.swift */; };
		83021FF8272E9326002BD2DB /* DateFormatterHandler.swift in Sources */ = {isa = PBXBuildFile; fileRef = 83021FF7272E9326002BD2DB /* DateFormatterHandler.swift */; };
		83021FFA272E98BF002BD2DB /* Readme.md in Resources */ = {isa = PBXBuildFile; fileRef = 83021FF9272E98BF002BD2DB /* Readme.md */; };
		8333FC16272D389F0095AEF8 /* APIResult.swift in Sources */ = {isa = PBXBuildFile; fileRef = 8333FC15272D389F0095AEF8 /* APIResult.swift */; };
		8333FC20272D71C30095AEF8 /* GenericValueProtocol.swift in Sources */ = {isa = PBXBuildFile; fileRef = 8333FC1F272D71C30095AEF8 /* GenericValueProtocol.swift */; };
		8333FC22272D71E00095AEF8 /* ViewBackGroundTheme.swift in Sources */ = {isa = PBXBuildFile; fileRef = 8333FC21272D71E00095AEF8 /* ViewBackGroundTheme.swift */; };
		8333FC24272D75B20095AEF8 /* TextFonts.swift in Sources */ = {isa = PBXBuildFile; fileRef = 8333FC23272D75B20095AEF8 /* TextFonts.swift */; };
		83BD1A91272D92E600AAF3B0 /* UIViewController+Extension.swift in Sources */ = {isa = PBXBuildFile; fileRef = 83BD1A90272D92E600AAF3B0 /* UIViewController+Extension.swift */; };
		83BD1A93272DBBF100AAF3B0 /* DetailViewController.swift in Sources */ = {isa = PBXBuildFile; fileRef = 83BD1A92272DBBF100AAF3B0 /* DetailViewController.swift */; };
		83FD90F3272C9BA10065635A /* AppDelegate.swift in Sources */ = {isa = PBXBuildFile; fileRef = 83FD90F2272C9BA10065635A /* AppDelegate.swift */; };
		83FD90F5272C9BA10065635A /* SceneDelegate.swift in Sources */ = {isa = PBXBuildFile; fileRef = 83FD90F4272C9BA10065635A /* SceneDelegate.swift */; };
		83FD90F7272C9BA10065635A /* ViewController.swift in Sources */ = {isa = PBXBuildFile; fileRef = 83FD90F6272C9BA10065635A /* ViewController.swift */; };
		83FD90FA272C9BA10065635A /* Main.storyboard in Resources */ = {isa = PBXBuildFile; fileRef = 83FD90F8272C9BA10065635A /* Main.storyboard */; };
		83FD90FC272C9BA30065635A /* Assets.xcassets in Resources */ = {isa = PBXBuildFile; fileRef = 83FD90FB272C9BA30065635A /* Assets.xcassets */; };
		83FD90FF272C9BA30065635A /* LaunchScreen.storyboard in Resources */ = {isa = PBXBuildFile; fileRef = 83FD90FD272C9BA30065635A /* LaunchScreen.storyboard */; };
		83FD910D272C9CBE0065635A /* ResultCollectionViewCell.swift in Sources */ = {isa = PBXBuildFile; fileRef = 83FD910C272C9CBE0065635A /* ResultCollectionViewCell.swift */; };
		83FD9113272CB6C50065635A /* APIHandler.swift in Sources */ = {isa = PBXBuildFile; fileRef = 83FD9112272CB6C50065635A /* APIHandler.swift */; };
		83FD9116272CB79F0065635A /* APIResultKeys.swift in Sources */ = {isa = PBXBuildFile; fileRef = 83FD9115272CB79F0065635A /* APIResultKeys.swift */; };
/* End PBXBuildFile section */

/* Begin PBXFileReference section */
		83021FF1272E8FB8002BD2DB /* DidSelectCellProtocol.swift */ = {isa = PBXFileReference; lastKnownFileType = sourcecode.swift; path = DidSelectCellProtocol.swift; sourceTree = "<group>"; };
		83021FF7272E9326002BD2DB /* DateFormatterHandler.swift */ = {isa = PBXFileReference; lastKnownFileType = sourcecode.swift; path = DateFormatterHandler.swift; sourceTree = "<group>"; };
		83021FF9272E98BF002BD2DB /* Readme.md */ = {isa = PBXFileReference; lastKnownFileType = net.daringfireball.markdown; path = Readme.md; sourceTree = "<group>"; };
		8333FC15272D389F0095AEF8 /* APIResult.swift */ = {isa = PBXFileReference; lastKnownFileType = sourcecode.swift; path = APIResult.swift; sourceTree = "<group>"; };
		8333FC1F272D71C30095AEF8 /* GenericValueProtocol.swift */ = {isa = PBXFileReference; lastKnownFileType = sourcecode.swift; path = GenericValueProtocol.swift; sourceTree = "<group>"; };
		8333FC21272D71E00095AEF8 /* ViewBackGroundTheme.swift */ = {isa = PBXFileReference; lastKnownFileType = sourcecode.swift; path = ViewBackGroundTheme.swift; sourceTree = "<group>"; };
		8333FC23272D75B20095AEF8 /* TextFonts.swift */ = {isa = PBXFileReference; lastKnownFileType = sourcecode.swift; path = TextFonts.swift; sourceTree = "<group>"; };
		83BD1A90272D92E600AAF3B0 /* UIViewController+Extension.swift */ = {isa = PBXFileReference; lastKnownFileType = sourcecode.swift; path = "UIViewController+Extension.swift"; sourceTree = "<group>"; };
		83BD1A92272DBBF100AAF3B0 /* DetailViewController.swift */ = {isa = PBXFileReference; lastKnownFileType = sourcecode.swift; path = DetailViewController.swift; sourceTree = "<group>"; };
		83FD90EF272C9BA10065635A /* HepsiBuradaFinalProject.app */ = {isa = PBXFileReference; explicitFileType = wrapper.application; includeInIndex = 0; path = HepsiBuradaFinalProject.app; sourceTree = BUILT_PRODUCTS_DIR; };
		83FD90F2272C9BA10065635A /* AppDelegate.swift */ = {isa = PBXFileReference; lastKnownFileType = sourcecode.swift; path = AppDelegate.swift; sourceTree = "<group>"; };
		83FD90F4272C9BA10065635A /* SceneDelegate.swift */ = {isa = PBXFileReference; lastKnownFileType = sourcecode.swift; path = SceneDelegate.swift; sourceTree = "<group>"; };
		83FD90F6272C9BA10065635A /* ViewController.swift */ = {isa = PBXFileReference; lastKnownFileType = sourcecode.swift; path = ViewController.swift; sourceTree = "<group>"; };
		83FD90F9272C9BA10065635A /* Base */ = {isa = PBXFileReference; lastKnownFileType = file.storyboard; name = Base; path = Base.lproj/Main.storyboard; sourceTree = "<group>"; };
		83FD90FB272C9BA30065635A /* Assets.xcassets */ = {isa = PBXFileReference; lastKnownFileType = folder.assetcatalog; path = Assets.xcassets; sourceTree = "<group>"; };
		83FD90FE272C9BA30065635A /* Base */ = {isa = PBXFileReference; lastKnownFileType = file.storyboard; name = Base; path = Base.lproj/LaunchScreen.storyboard; sourceTree = "<group>"; };
		83FD9100272C9BA30065635A /* Info.plist */ = {isa = PBXFileReference; lastKnownFileType = text.plist.xml; path = Info.plist; sourceTree = "<group>"; };
		83FD910C272C9CBE0065635A /* ResultCollectionViewCell.swift */ = {isa = PBXFileReference; lastKnownFileType = sourcecode.swift; path = ResultCollectionViewCell.swift; sourceTree = "<group>"; };
		83FD9112272CB6C50065635A /* APIHandler.swift */ = {isa = PBXFileReference; lastKnownFileType = sourcecode.swift; path = APIHandler.swift; sourceTree = "<group>"; };
		83FD9115272CB79F0065635A /* APIResultKeys.swift */ = {isa = PBXFileReference; lastKnownFileType = sourcecode.swift; path = APIResultKeys.swift; sourceTree = "<group>"; };
/* End PBXFileReference section */

/* Begin PBXFrameworksBuildPhase section */
		83FD90EC272C9BA10065635A /* Frameworks */ = {
			isa = PBXFrameworksBuildPhase;
			buildActionMask = 2147483647;
			files = (
			);
			runOnlyForDeploymentPostprocessing = 0;
		};
/* End PBXFrameworksBuildPhase section */

/* Begin PBXGroup section */
		83021FF0272E8FAC002BD2DB /* Interfaces */ = {
			isa = PBXGroup;
			children = (
				83021FF1272E8FB8002BD2DB /* DidSelectCellProtocol.swift */,
			);
			path = Interfaces;
			sourceTree = "<group>";
		};
		83021FF3272E8FC9002BD2DB /* GenericValueProtocol */ = {
			isa = PBXGroup;
			children = (
				8333FC1F272D71C30095AEF8 /* GenericValueProtocol.swift */,
			);
			path = GenericValueProtocol;
			sourceTree = "<group>";
		};
		83021FF4272E8FD2002BD2DB /* FontHandler */ = {
			isa = PBXGroup;
			children = (
				8333FC23272D75B20095AEF8 /* TextFonts.swift */,
			);
			path = FontHandler;
			sourceTree = "<group>";
		};
		83021FF5272E8FDB002BD2DB /* ViewBackgroundTheme */ = {
			isa = PBXGroup;
			children = (
				8333FC21272D71E00095AEF8 /* ViewBackGroundTheme.swift */,
			);
			path = ViewBackgroundTheme;
			sourceTree = "<group>";
		};
		83021FF6272E931E002BD2DB /* DateFormatter */ = {
			isa = PBXGroup;
			children = (
				83021FF7272E9326002BD2DB /* DateFormatterHandler.swift */,
			);
			path = DateFormatter;
			sourceTree = "<group>";
		};
		8333FC17272D41A50095AEF8 /* Extensions */ = {
			isa = PBXGroup;
			children = (
				83BD1A90272D92E600AAF3B0 /* UIViewController+Extension.swift */,
			);
			path = Extensions;
			sourceTree = "<group>";
		};
		8333FC1E272D71B90095AEF8 /* Utils */ = {
			isa = PBXGroup;
			children = (
				83021FF6272E931E002BD2DB /* DateFormatter */,
				83021FF5272E8FDB002BD2DB /* ViewBackgroundTheme */,
				83021FF4272E8FD2002BD2DB /* FontHandler */,
				83021FF3272E8FC9002BD2DB /* GenericValueProtocol */,
			);
			path = Utils;
			sourceTree = "<group>";
		};
		83FD90E6272C9BA10065635A = {
			isa = PBXGroup;
			children = (
				83FD9114272CB7920065635A /* Model */,
				83FD910B272C9CAD0065635A /* Components */,
				83FD9108272C9C0E0065635A /* SceneModules */,
				83021FF0272E8FAC002BD2DB /* Interfaces */,
				8333FC1E272D71B90095AEF8 /* Utils */,
				8333FC17272D41A50095AEF8 /* Extensions */,
				83FD910E272C9CD60065635A /* API Handler */,
				83FD90F1272C9BA10065635A /* HepsiBuradaFinalProject */,
				83FD90F0272C9BA10065635A /* Products */,
			);
			sourceTree = "<group>";
		};
		83FD90F0272C9BA10065635A /* Products */ = {
			isa = PBXGroup;
			children = (
				83FD90EF272C9BA10065635A /* HepsiBuradaFinalProject.app */,
			);
			name = Products;
			sourceTree = "<group>";
		};
		83FD90F1272C9BA10065635A /* HepsiBuradaFinalProject */ = {
			isa = PBXGroup;
			children = (
				83021FF9272E98BF002BD2DB /* Readme.md */,
				83FD90F2272C9BA10065635A /* AppDelegate.swift */,
				83FD90F4272C9BA10065635A /* SceneDelegate.swift */,
				83FD90F8272C9BA10065635A /* Main.storyboard */,
				83FD90FB272C9BA30065635A /* Assets.xcassets */,
				83FD90FD272C9BA30065635A /* LaunchScreen.storyboard */,
				83FD9100272C9BA30065635A /* Info.plist */,
			);
			path = HepsiBuradaFinalProject;
			sourceTree = "<group>";
		};
		83FD9108272C9C0E0065635A /* SceneModules */ = {
			isa = PBXGroup;
			children = (
				83FD90F6272C9BA10065635A /* ViewController.swift */,
				83BD1A92272DBBF100AAF3B0 /* DetailViewController.swift */,
			);
			path = SceneModules;
			sourceTree = "<group>";
		};
		83FD910B272C9CAD0065635A /* Components */ = {
			isa = PBXGroup;
			children = (
				83FD910C272C9CBE0065635A /* ResultCollectionViewCell.swift */,
			);
			path = Components;
			sourceTree = "<group>";
		};
		83FD910E272C9CD60065635A /* API Handler */ = {
			isa = PBXGroup;
			children = (
				83FD9112272CB6C50065635A /* APIHandler.swift */,
			);
			path = "API Handler";
			sourceTree = "<group>";
		};
		83FD9114272CB7920065635A /* Model */ = {
			isa = PBXGroup;
			children = (
				8333FC15272D389F0095AEF8 /* APIResult.swift */,
				83FD9115272CB79F0065635A /* APIResultKeys.swift */,
			);
			path = Model;
			sourceTree = "<group>";
		};
/* End PBXGroup section */

/* Begin PBXNativeTarget section */
		83FD90EE272C9BA10065635A /* HepsiBuradaFinalProject */ = {
			isa = PBXNativeTarget;
			buildConfigurationList = 83FD9103272C9BA30065635A /* Build configuration list for PBXNativeTarget "HepsiBuradaFinalProject" */;
			buildPhases = (
				83FD90EB272C9BA10065635A /* Sources */,
				83FD90EC272C9BA10065635A /* Frameworks */,
				83FD90ED272C9BA10065635A /* Resources */,
			);
			buildRules = (
			);
			dependencies = (
			);
			name = HepsiBuradaFinalProject;
			productName = HepsiBuradaFinalProject;
			productReference = 83FD90EF272C9BA10065635A /* HepsiBuradaFinalProject.app */;
			productType = "com.apple.product-type.application";
		};
/* End PBXNativeTarget section */

/* Begin PBXProject section */
		83FD90E7272C9BA10065635A /* Project object */ = {
			isa = PBXProject;
			attributes = {
				BuildIndependentTargetsInParallel = 1;
				LastSwiftUpdateCheck = 1300;
				LastUpgradeCheck = 1300;
				TargetAttributes = {
					83FD90EE272C9BA10065635A = {
						CreatedOnToolsVersion = 13.0;
					};
				};
			};
			buildConfigurationList = 83FD90EA272C9BA10065635A /* Build configuration list for PBXProject "HepsiBuradaFinalProject" */;
			compatibilityVersion = "Xcode 12.0";
			developmentRegion = en;
			hasScannedForEncodings = 0;
			knownRegions = (
				en,
				Base,
			);
			mainGroup = 83FD90E6272C9BA10065635A;
			productRefGroup = 83FD90F0272C9BA10065635A /* Products */;
			projectDirPath = "";
			projectRoot = "";
			targets = (
				83FD90EE272C9BA10065635A /* HepsiBuradaFinalProject */,
			);
		};
/* End PBXProject section */

/* Begin PBXResourcesBuildPhase section */
		83FD90ED272C9BA10065635A /* Resources */ = {
			isa = PBXResourcesBuildPhase;
			buildActionMask = 2147483647;
			files = (
				83FD90FF272C9BA30065635A /* LaunchScreen.storyboard in Resources */,
				83FD90FC272C9BA30065635A /* Assets.xcassets in Resources */,
				83021FFA272E98BF002BD2DB /* Readme.md in Resources */,
				83FD90FA272C9BA10065635A /* Main.storyboard in Resources */,
			);
			runOnlyForDeploymentPostprocessing = 0;
		};
/* End PBXResourcesBuildPhase section */

/* Begin PBXSourcesBuildPhase section */
		83FD90EB272C9BA10065635A /* Sources */ = {
			isa = PBXSourcesBuildPhase;
			buildActionMask = 2147483647;
			files = (
				83021FF8272E9326002BD2DB /* DateFormatterHandler.swift in Sources */,
				8333FC24272D75B20095AEF8 /* TextFonts.swift in Sources */,
				83BD1A91272D92E600AAF3B0 /* UIViewController+Extension.swift in Sources */,
				83FD90F7272C9BA10065635A /* ViewController.swift in Sources */,
				83BD1A93272DBBF100AAF3B0 /* DetailViewController.swift in Sources */,
				83FD90F3272C9BA10065635A /* AppDelegate.swift in Sources */,
				83FD9113272CB6C50065635A /* APIHandler.swift in Sources */,
				8333FC20272D71C30095AEF8 /* GenericValueProtocol.swift in Sources */,
				83FD90F5272C9BA10065635A /* SceneDelegate.swift in Sources */,
				8333FC22272D71E00095AEF8 /* ViewBackGroundTheme.swift in Sources */,
				83021FF2272E8FB9002BD2DB /* DidSelectCellProtocol.swift in Sources */,
				83FD9116272CB79F0065635A /* APIResultKeys.swift in Sources */,
				8333FC16272D389F0095AEF8 /* APIResult.swift in Sources */,
				83FD910D272C9CBE0065635A /* ResultCollectionViewCell.swift in Sources */,
			);
			runOnlyForDeploymentPostprocessing = 0;
		};
/* End PBXSourcesBuildPhase section */

/* Begin PBXVariantGroup section */
		83FD90F8272C9BA10065635A /* Main.storyboard */ = {
			isa = PBXVariantGroup;
			children = (
				83FD90F9272C9BA10065635A /* Base */,
			);
			name = Main.storyboard;
			sourceTree = "<group>";
		};
		83FD90FD272C9BA30065635A /* LaunchScreen.storyboard */ = {
			isa = PBXVariantGroup;
			children = (
				83FD90FE272C9BA30065635A /* Base */,
			);
			name = LaunchScreen.storyboard;
			sourceTree = "<group>";
		};
/* End PBXVariantGroup section */

/* Begin XCBuildConfiguration section */
		83FD9101272C9BA30065635A /* Debug */ = {
			isa = XCBuildConfiguration;
			buildSettings = {
				ALWAYS_SEARCH_USER_PATHS = NO;
				CLANG_ANALYZER_NONNULL = YES;
				CLANG_ANALYZER_NUMBER_OBJECT_CONVERSION = YES_AGGRESSIVE;
				CLANG_CXX_LANGUAGE_STANDARD = "gnu++17";
				CLANG_CXX_LIBRARY = "libc++";
				CLANG_ENABLE_MODULES = YES;
				CLANG_ENABLE_OBJC_ARC = YES;
				CLANG_ENABLE_OBJC_WEAK = YES;
				CLANG_WARN_BLOCK_CAPTURE_AUTORELEASING = YES;
				CLANG_WARN_BOOL_CONVERSION = YES;
				CLANG_WARN_COMMA = YES;
				CLANG_WARN_CONSTANT_CONVERSION = YES;
				CLANG_WARN_DEPRECATED_OBJC_IMPLEMENTATIONS = YES;
				CLANG_WARN_DIRECT_OBJC_ISA_USAGE = YES_ERROR;
				CLANG_WARN_DOCUMENTATION_COMMENTS = YES;
				CLANG_WARN_EMPTY_BODY = YES;
				CLANG_WARN_ENUM_CONVERSION = YES;
				CLANG_WARN_INFINITE_RECURSION = YES;
				CLANG_WARN_INT_CONVERSION = YES;
				CLANG_WARN_NON_LITERAL_NULL_CONVERSION = YES;
				CLANG_WARN_OBJC_IMPLICIT_RETAIN_SELF = YES;
				CLANG_WARN_OBJC_LITERAL_CONVERSION = YES;
				CLANG_WARN_OBJC_ROOT_CLASS = YES_ERROR;
				CLANG_WARN_QUOTED_INCLUDE_IN_FRAMEWORK_HEADER = YES;
				CLANG_WARN_RANGE_LOOP_ANALYSIS = YES;
				CLANG_WARN_STRICT_PROTOTYPES = YES;
				CLANG_WARN_SUSPICIOUS_MOVE = YES;
				CLANG_WARN_UNGUARDED_AVAILABILITY = YES_AGGRESSIVE;
				CLANG_WARN_UNREACHABLE_CODE = YES;
				CLANG_WARN__DUPLICATE_METHOD_MATCH = YES;
				COPY_PHASE_STRIP = NO;
				DEBUG_INFORMATION_FORMAT = dwarf;
				ENABLE_STRICT_OBJC_MSGSEND = YES;
				ENABLE_TESTABILITY = YES;
				GCC_C_LANGUAGE_STANDARD = gnu11;
				GCC_DYNAMIC_NO_PIC = NO;
				GCC_NO_COMMON_BLOCKS = YES;
				GCC_OPTIMIZATION_LEVEL = 0;
				GCC_PREPROCESSOR_DEFINITIONS = (
					"DEBUG=1",
					"$(inherited)",
				);
				GCC_WARN_64_TO_32_BIT_CONVERSION = YES;
				GCC_WARN_ABOUT_RETURN_TYPE = YES_ERROR;
				GCC_WARN_UNDECLARED_SELECTOR = YES;
				GCC_WARN_UNINITIALIZED_AUTOS = YES_AGGRESSIVE;
				GCC_WARN_UNUSED_FUNCTION = YES;
				GCC_WARN_UNUSED_VARIABLE = YES;
				IPHONEOS_DEPLOYMENT_TARGET = 15.0;
				MTL_ENABLE_DEBUG_INFO = INCLUDE_SOURCE;
				MTL_FAST_MATH = YES;
				ONLY_ACTIVE_ARCH = YES;
				SDKROOT = iphoneos;
				SWIFT_ACTIVE_COMPILATION_CONDITIONS = DEBUG;
				SWIFT_OPTIMIZATION_LEVEL = "-Onone";
			};
			name = Debug;
		};
		83FD9102272C9BA30065635A /* Release */ = {
			isa = XCBuildConfiguration;
			buildSettings = {
				ALWAYS_SEARCH_USER_PATHS = NO;
				CLANG_ANALYZER_NONNULL = YES;
				CLANG_ANALYZER_NUMBER_OBJECT_CONVERSION = YES_AGGRESSIVE;
				CLANG_CXX_LANGUAGE_STANDARD = "gnu++17";
				CLANG_CXX_LIBRARY = "libc++";
				CLANG_ENABLE_MODULES = YES;
				CLANG_ENABLE_OBJC_ARC = YES;
				CLANG_ENABLE_OBJC_WEAK = YES;
				CLANG_WARN_BLOCK_CAPTURE_AUTORELEASING = YES;
				CLANG_WARN_BOOL_CONVERSION = YES;
				CLANG_WARN_COMMA = YES;
				CLANG_WARN_CONSTANT_CONVERSION = YES;
				CLANG_WARN_DEPRECATED_OBJC_IMPLEMENTATIONS = YES;
				CLANG_WARN_DIRECT_OBJC_ISA_USAGE = YES_ERROR;
				CLANG_WARN_DOCUMENTATION_COMMENTS = YES;
				CLANG_WARN_EMPTY_BODY = YES;
				CLANG_WARN_ENUM_CONVERSION = YES;
				CLANG_WARN_INFINITE_RECURSION = YES;
				CLANG_WARN_INT_CONVERSION = YES;
				CLANG_WARN_NON_LITERAL_NULL_CONVERSION = YES;
				CLANG_WARN_OBJC_IMPLICIT_RETAIN_SELF = YES;
				CLANG_WARN_OBJC_LITERAL_CONVERSION = YES;
				CLANG_WARN_OBJC_ROOT_CLASS = YES_ERROR;
				CLANG_WARN_QUOTED_INCLUDE_IN_FRAMEWORK_HEADER = YES;
				CLANG_WARN_RANGE_LOOP_ANALYSIS = YES;
				CLANG_WARN_STRICT_PROTOTYPES = YES;
				CLANG_WARN_SUSPICIOUS_MOVE = YES;
				CLANG_WARN_UNGUARDED_AVAILABILITY = YES_AGGRESSIVE;
				CLANG_WARN_UNREACHABLE_CODE = YES;
				CLANG_WARN__DUPLICATE_METHOD_MATCH = YES;
				COPY_PHASE_STRIP = NO;
				DEBUG_INFORMATION_FORMAT = "dwarf-with-dsym";
				ENABLE_NS_ASSERTIONS = NO;
				ENABLE_STRICT_OBJC_MSGSEND = YES;
				GCC_C_LANGUAGE_STANDARD = gnu11;
				GCC_NO_COMMON_BLOCKS = YES;
				GCC_WARN_64_TO_32_BIT_CONVERSION = YES;
				GCC_WARN_ABOUT_RETURN_TYPE = YES_ERROR;
				GCC_WARN_UNDECLARED_SELECTOR = YES;
				GCC_WARN_UNINITIALIZED_AUTOS = YES_AGGRESSIVE;
				GCC_WARN_UNUSED_FUNCTION = YES;
				GCC_WARN_UNUSED_VARIABLE = YES;
				IPHONEOS_DEPLOYMENT_TARGET = 15.0;
				MTL_ENABLE_DEBUG_INFO = NO;
				MTL_FAST_MATH = YES;
				SDKROOT = iphoneos;
				SWIFT_COMPILATION_MODE = wholemodule;
				SWIFT_OPTIMIZATION_LEVEL = "-O";
				VALIDATE_PRODUCT = YES;
			};
			name = Release;
		};
		83FD9104272C9BA30065635A /* Debug */ = {
			isa = XCBuildConfiguration;
			buildSettings = {
				ASSETCATALOG_COMPILER_APPICON_NAME = AppIcon;
				ASSETCATALOG_COMPILER_GLOBAL_ACCENT_COLOR_NAME = AccentColor;
				CODE_SIGN_STYLE = Automatic;
				CURRENT_PROJECT_VERSION = 1;
				DEVELOPMENT_TEAM = 579DA4NVH6;
				GENERATE_INFOPLIST_FILE = YES;
				INFOPLIST_FILE = HepsiBuradaFinalProject/Info.plist;
				INFOPLIST_KEY_UIApplicationSupportsIndirectInputEvents = YES;
				INFOPLIST_KEY_UILaunchStoryboardName = LaunchScreen;
				INFOPLIST_KEY_UIMainStoryboardFile = Main;
				INFOPLIST_KEY_UISupportedInterfaceOrientations_iPad = "UIInterfaceOrientationPortrait UIInterfaceOrientationPortraitUpsideDown UIInterfaceOrientationLandscapeLeft UIInterfaceOrientationLandscapeRight";
				INFOPLIST_KEY_UISupportedInterfaceOrientations_iPhone = "UIInterfaceOrientationPortrait UIInterfaceOrientationLandscapeLeft UIInterfaceOrientationLandscapeRight";
				IPHONEOS_DEPLOYMENT_TARGET = 15.0;
				LD_RUNPATH_SEARCH_PATHS = (
					"$(inherited)",
					"@executable_path/Frameworks",
				);
				MARKETING_VERSION = 1.0;
				PRODUCT_BUNDLE_IDENTIFIER = artunerol.HepsiBuradaFinalProject;
				PRODUCT_NAME = "$(TARGET_NAME)";
				SWIFT_EMIT_LOC_STRINGS = YES;
				SWIFT_VERSION = 5.0;
				TARGETED_DEVICE_FAMILY = "1,2";
			};
			name = Debug;
		};
		83FD9105272C9BA30065635A /* Release */ = {
			isa = XCBuildConfiguration;
			buildSettings = {
				ASSETCATALOG_COMPILER_APPICON_NAME = AppIcon;
				ASSETCATALOG_COMPILER_GLOBAL_ACCENT_COLOR_NAME = AccentColor;
				CODE_SIGN_STYLE = Automatic;
				CURRENT_PROJECT_VERSION = 1;
				DEVELOPMENT_TEAM = 579DA4NVH6;
				GENERATE_INFOPLIST_FILE = YES;
				INFOPLIST_FILE = HepsiBuradaFinalProject/Info.plist;
				INFOPLIST_KEY_UIApplicationSupportsIndirectInputEvents = YES;
				INFOPLIST_KEY_UILaunchStoryboardName = LaunchScreen;
				INFOPLIST_KEY_UIMainStoryboardFile = Main;
				INFOPLIST_KEY_UISupportedInterfaceOrientations_iPad = "UIInterfaceOrientationPortrait UIInterfaceOrientationPortraitUpsideDown UIInterfaceOrientationLandscapeLeft UIInterfaceOrientationLandscapeRight";
				INFOPLIST_KEY_UISupportedInterfaceOrientations_iPhone = "UIInterfaceOrientationPortrait UIInterfaceOrientationLandscapeLeft UIInterfaceOrientationLandscapeRight";
				IPHONEOS_DEPLOYMENT_TARGET = 15.0;
				LD_RUNPATH_SEARCH_PATHS = (
					"$(inherited)",
					"@executable_path/Frameworks",
				);
				MARKETING_VERSION = 1.0;
				PRODUCT_BUNDLE_IDENTIFIER = artunerol.HepsiBuradaFinalProject;
				PRODUCT_NAME = "$(TARGET_NAME)";
				SWIFT_EMIT_LOC_STRINGS = YES;
				SWIFT_VERSION = 5.0;
				TARGETED_DEVICE_FAMILY = "1,2";
			};
			name = Release;
		};
/* End XCBuildConfiguration section */

/* Begin XCConfigurationList section */
		83FD90EA272C9BA10065635A /* Build configuration list for PBXProject "HepsiBuradaFinalProject" */ = {
			isa = XCConfigurationList;
			buildConfigurations = (
				83FD9101272C9BA30065635A /* Debug */,
				83FD9102272C9BA30065635A /* Release */,
			);
			defaultConfigurationIsVisible = 0;
			defaultConfigurationName = Release;
		};
		83FD9103272C9BA30065635A /* Build configuration list for PBXNativeTarget "HepsiBuradaFinalProject" */ = {
			isa = XCConfigurationList;
			buildConfigurations = (
				83FD9104272C9BA30065635A /* Debug */,
				83FD9105272C9BA30065635A /* Release */,
			);
			defaultConfigurationIsVisible = 0;
			defaultConfigurationName = Release;
		};
/* End XCConfigurationList section */
	};
	rootObject = 83FD90E7272C9BA10065635A /* Project object */;
}
